
Microsoft Visual Studio Solution File, Format Version 12.00
# Visual Studio Version 16
VisualStudioVersion = 16.0.31727.386
MinimumVisualStudioVersion = 10.0.40219.1
Project("{FAE04EC0-301F-11D3-BF4B-00C04F79EFBC}") = "my-books", "my-books\my-books.csproj", "{7037B6E5-9DDE-4902-A235-C7602DE4E862}"
EndProject
Global
	GlobalSection(SolutionConfigurationPlatforms) = preSolution
		Debug|Any CPU = Debug|Any CPU
		Release|Any CPU = Release|Any CPU
	EndGlobalSection
	GlobalSection(ProjectConfigurationPlatforms) = postSolution
		{7037B6E5-9DDE-4902-A235-C7602DE4E862}.Debug|Any CPU.ActiveCfg = Debug|Any CPU
		{7037B6E5-9DDE-4902-A235-C7602DE4E862}.Debug|Any CPU.Build.0 = Debug|Any CPU
		{7037B6E5-9DDE-4902-A235-C7602DE4E862}.Release|Any CPU.ActiveCfg = Release|Any CPU
		{7037B6E5-9DDE-4902-A235-C7602DE4E862}.Release|Any CPU.Build.0 = Release|Any CPU
	EndGlobalSection
	GlobalSection(SolutionProperties) = preSolution
		HideSolutionNode = FALSE
	EndGlobalSection
	GlobalSection(ExtensibilityGlobals) = postSolution
		SolutionGuid = {90E34E5A-9A5B-42E0-83D2-559807F91EDA}
	EndGlobalSection
EndGlobal
